
Microsoft Visual Studio Solution File, Format Version 12.00
# Visual Studio Version 16
VisualStudioVersion = 16.0.29926.136
MinimumVisualStudioVersion = 10.0.40219.1
Project("{FAE04EC0-301F-11D3-BF4B-00C04F79EFBC}") = "SamuaraiApp.Domain", "SamuaraiApp.Domain\SamuaraiApp.Domain.csproj", "{290092D8-D16A-4779-831F-E4D52F4949D0}"
EndProject
Project("{FAE04EC0-301F-11D3-BF4B-00C04F79EFBC}") = "SamuraiApp.Data", "SamuraiApp.Data\SamuraiApp.Data.csproj", "{14A4FE09-0912-49AC-8647-540696D5177D}"
EndProject
Global
	GlobalSection(SolutionConfigurationPlatforms) = preSolution
		Debug|Any CPU = Debug|Any CPU
		Release|Any CPU = Release|Any CPU
	EndGlobalSection
	GlobalSection(ProjectConfigurationPlatforms) = postSolution
		{290092D8-D16A-4779-831F-E4D52F4949D0}.Debug|Any CPU.ActiveCfg = Debug|Any CPU
		{290092D8-D16A-4779-831F-E4D52F4949D0}.Debug|Any CPU.Build.0 = Debug|Any CPU
		{290092D8-D16A-4779-831F-E4D52F4949D0}.Release|Any CPU.ActiveCfg = Release|Any CPU
		{290092D8-D16A-4779-831F-E4D52F4949D0}.Release|Any CPU.Build.0 = Release|Any CPU
		{14A4FE09-0912-49AC-8647-540696D5177D}.Debug|Any CPU.ActiveCfg = Debug|Any CPU
		{14A4FE09-0912-49AC-8647-540696D5177D}.Debug|Any CPU.Build.0 = Debug|Any CPU
		{14A4FE09-0912-49AC-8647-540696D5177D}.Release|Any CPU.ActiveCfg = Release|Any CPU
		{14A4FE09-0912-49AC-8647-540696D5177D}.Release|Any CPU.Build.0 = Release|Any CPU
	EndGlobalSection
	GlobalSection(SolutionProperties) = preSolution
		HideSolutionNode = FALSE
	EndGlobalSection
	GlobalSection(ExtensibilityGlobals) = postSolution
		SolutionGuid = {FE6B2840-C143-4101-8B1E-EBA1941D1CBF}
	EndGlobalSection
EndGlobal
